
Microsoft Visual Studio Solution File, Format Version 12.00
# Visual Studio Version 17
VisualStudioVersion = 17.10.35013.160
MinimumVisualStudioVersion = 10.0.40219.1
Project("{FAE04EC0-301F-11D3-BF4B-00C04F79EFBC}") = "SwitchRegPowerShell", "SwitchRegPowerShell.csproj", "{1BCC1153-C30B-419F-BE99-7111A2809CA8}"
EndProject
Global
	GlobalSection(SolutionConfigurationPlatforms) = preSolution
		Debug|Any CPU = Debug|Any CPU
		Release|Any CPU = Release|Any CPU
	EndGlobalSection
	GlobalSection(ProjectConfigurationPlatforms) = postSolution
		{1BCC1153-C30B-419F-BE99-7111A2809CA8}.Debug|Any CPU.ActiveCfg = Debug|Any CPU
		{1BCC1153-C30B-419F-BE99-7111A2809CA8}.Debug|Any CPU.Build.0 = Debug|Any CPU
		{1BCC1153-C30B-419F-BE99-7111A2809CA8}.Release|Any CPU.ActiveCfg = Release|Any CPU
		{1BCC1153-C30B-419F-BE99-7111A2809CA8}.Release|Any CPU.Build.0 = Release|Any CPU
	EndGlobalSection
	GlobalSection(SolutionProperties) = preSolution
		HideSolutionNode = FALSE
	EndGlobalSection
	GlobalSection(ExtensibilityGlobals) = postSolution
		SolutionGuid = {D2EDFF4C-8338-404B-B404-09785CB611E0}
	EndGlobalSection
EndGlobal
